{
    "version": 3,
    "terraform_version": "0.11.7",
    "serial": 1,
    "lineage": "520b6d71-2020-3ad1-d8ed-21a9f9ab0851",
    "modules": [
        {
            "path": [
                "root"
            ],
            "outputs": {},
            "resources": {},
            "depends_on": []
        },
        {
            "path": [
                "root",
                "webserver_cluster"
            ],
            "outputs": {
                "asg_name": {
                    "sensitive": false,
                    "type": "string",
                    "value": "tf-asg-20180705233839919700000002"
                },
                "elb_dns_name": {
                    "sensitive": false,
                    "type": "string",
                    "value": "terraform-asg-example-1109630320.us-east-1.elb.amazonaws.com"
                },
                "launch_configuration_id": {
                    "sensitive": false,
                    "type": "string",
                    "value": "terraform-20180705233824711600000001"
                },
                "security_groups": {
                    "sensitive": false,
                    "type": "string",
                    "value": "sg-0958f4630ce36f537"
                }
            },
            "resources": {
                "aws_autoscaling_group.example": {
                    "type": "aws_autoscaling_group",
                    "depends_on": [
                        "aws_elb.example",
                        "aws_launch_configuration.example",
                        "data.aws_availability_zones.all"
                    ],
                    "primary": {
                        "id": "tf-asg-20180705233839919700000002",
                        "attributes": {
                            "arn": "arn:aws:autoscaling:us-east-1:842621761884:autoScalingGroup:a441ae7f-7c71-47fd-b013-59602ae08511:autoScalingGroupName/tf-asg-20180705233839919700000002",
                            "availability_zones.#": "6",
                            "availability_zones.1252502072": "us-east-1f",
                            "availability_zones.1305112097": "us-east-1b",
                            "availability_zones.2762590996": "us-east-1d",
                            "availability_zones.3551460226": "us-east-1e",
                            "availability_zones.3569565595": "us-east-1a",
                            "availability_zones.986537655": "us-east-1c",
                            "default_cooldown": "300",
                            "desired_capacity": "2",
                            "enabled_metrics.#": "0",
                            "force_delete": "false",
                            "health_check_grace_period": "300",
                            "health_check_type": "ELB",
                            "id": "tf-asg-20180705233839919700000002",
                            "launch_configuration": "terraform-20180705233824711600000001",
                            "launch_template.#": "0",
                            "load_balancers.#": "1",
                            "load_balancers.3603464733": "terraform-asg-example",
                            "max_size": "2",
                            "metrics_granularity": "1Minute",
                            "min_size": "2",
                            "name": "tf-asg-20180705233839919700000002",
                            "placement_group": "",
                            "protect_from_scale_in": "false",
                            "service_linked_role_arn": "arn:aws:iam::842621761884:role/aws-service-role/autoscaling.amazonaws.com/AWSServiceRoleForAutoScaling",
                            "suspended_processes.#": "0",
                            "tag.#": "1",
                            "tag.2305202985.key": "Name",
                            "tag.2305202985.propagate_at_launch": "true",
                            "tag.2305202985.value": "webservers-stage",
                            "target_group_arns.#": "0",
                            "termination_policies.#": "0",
                            "vpc_zone_identifier.#": "0",
                            "wait_for_capacity_timeout": "10m"
                        },
                        "meta": {
                            "e2bfb730-ecaa-11e6-8f88-34363bc7c4c0": {
                                "delete": 600000000000
                            }
                        },
                        "tainted": false
                    },
                    "deposed": [],
                    "provider": "provider.aws"
                },
                "aws_elb.example": {
                    "type": "aws_elb",
                    "depends_on": [
                        "aws_security_group.elb-sg",
                        "data.aws_availability_zones.all"
                    ],
                    "primary": {
                        "id": "terraform-asg-example",
                        "attributes": {
                            "access_logs.#": "0",
                            "arn": "arn:aws:elasticloadbalancing:us-east-1:842621761884:loadbalancer/terraform-asg-example",
                            "availability_zones.#": "6",
                            "availability_zones.1252502072": "us-east-1f",
                            "availability_zones.1305112097": "us-east-1b",
                            "availability_zones.2762590996": "us-east-1d",
                            "availability_zones.3551460226": "us-east-1e",
                            "availability_zones.3569565595": "us-east-1a",
                            "availability_zones.986537655": "us-east-1c",
                            "connection_draining": "false",
                            "connection_draining_timeout": "300",
                            "cross_zone_load_balancing": "true",
                            "dns_name": "terraform-asg-example-1109630320.us-east-1.elb.amazonaws.com",
                            "health_check.#": "1",
                            "health_check.0.healthy_threshold": "2",
                            "health_check.0.interval": "30",
                            "health_check.0.target": "HTTP:8080/",
                            "health_check.0.timeout": "3",
                            "health_check.0.unhealthy_threshold": "2",
                            "id": "terraform-asg-example",
                            "idle_timeout": "60",
                            "instances.#": "0",
                            "internal": "false",
                            "listener.#": "1",
                            "listener.3931999347.instance_port": "8080",
                            "listener.3931999347.instance_protocol": "http",
                            "listener.3931999347.lb_port": "80",
                            "listener.3931999347.lb_protocol": "http",
                            "listener.3931999347.ssl_certificate_id": "",
                            "name": "terraform-asg-example",
                            "security_groups.#": "1",
                            "security_groups.496143707": "sg-0958f4630ce36f537",
                            "source_security_group": "842621761884/webservers-stage-elb",
                            "source_security_group_id": "sg-0958f4630ce36f537",
                            "subnets.#": "6",
                            "subnets.1121417179": "subnet-36851f39",
                            "subnets.2339495306": "subnet-0e35ec69",
                            "subnets.2672369605": "subnet-37538b19",
                            "subnets.4019578188": "subnet-f834eaa4",
                            "subnets.4174023701": "subnet-01167b4b",
                            "subnets.752416245": "subnet-35a8460b",
                            "tags.%": "0",
                            "zone_id": "Z35SXDOTRQ7X7K"
                        },
                        "meta": {},
                        "tainted": false
                    },
                    "deposed": [],
                    "provider": "provider.aws"
                },
                "aws_launch_configuration.example": {
                    "type": "aws_launch_configuration",
                    "depends_on": [
                        "aws_security_group.instance-sg",
                        "data.template_file.user_data"
                    ],
                    "primary": {
                        "id": "terraform-20180705233824711600000001",
                        "attributes": {
                            "associate_public_ip_address": "false",
                            "ebs_block_device.#": "0",
                            "ebs_optimized": "false",
                            "enable_monitoring": "true",
                            "ephemeral_block_device.#": "0",
                            "iam_instance_profile": "",
                            "id": "terraform-20180705233824711600000001",
                            "image_id": "ami-2d39803a",
                            "instance_type": "t2.micro",
                            "key_name": "",
                            "name": "terraform-20180705233824711600000001",
                            "root_block_device.#": "0",
                            "security_groups.#": "1",
                            "security_groups.2743683401": "sg-05993de228e1c6600",
                            "spot_price": "",
                            "user_data": "233e2076e54709cb3fe7876582016dee94dc720c",
                            "vpc_classic_link_id": "",
                            "vpc_classic_link_security_groups.#": "0"
                        },
                        "meta": {},
                        "tainted": false
                    },
                    "deposed": [],
                    "provider": "provider.aws"
                },
                "aws_security_group.elb-sg": {
                    "type": "aws_security_group",
                    "depends_on": [],
                    "primary": {
                        "id": "sg-0958f4630ce36f537",
                        "attributes": {
                            "arn": "arn:aws:ec2:us-east-1:842621761884:security-group/sg-0958f4630ce36f537",
                            "description": "Managed by Terraform",
                            "egress.#": "0",
                            "id": "sg-0958f4630ce36f537",
                            "ingress.#": "0",
                            "name": "webservers-stage-elb",
                            "owner_id": "842621761884",
                            "revoke_rules_on_delete": "false",
                            "tags.%": "0",
                            "vpc_id": "vpc-f3a34489"
                        },
                        "meta": {
                            "e2bfb730-ecaa-11e6-8f88-34363bc7c4c0": {
                                "create": 600000000000,
                                "delete": 600000000000
                            },
                            "schema_version": "1"
                        },
                        "tainted": false
                    },
                    "deposed": [],
                    "provider": "provider.aws"
                },
                "aws_security_group.instance-sg": {
                    "type": "aws_security_group",
                    "depends_on": [],
                    "primary": {
                        "id": "sg-05993de228e1c6600",
                        "attributes": {
                            "arn": "arn:aws:ec2:us-east-1:842621761884:security-group/sg-05993de228e1c6600",
                            "description": "Managed by Terraform",
                            "egress.#": "0",
                            "id": "sg-05993de228e1c6600",
                            "ingress.#": "0",
                            "name": "webservers-stage-instance-sg",
                            "owner_id": "842621761884",
                            "revoke_rules_on_delete": "false",
                            "tags.%": "0",
                            "vpc_id": "vpc-f3a34489"
                        },
                        "meta": {
                            "e2bfb730-ecaa-11e6-8f88-34363bc7c4c0": {
                                "create": 600000000000,
                                "delete": 600000000000
                            },
                            "schema_version": "1"
                        },
                        "tainted": false
                    },
                    "deposed": [],
                    "provider": "provider.aws"
                },
                "aws_security_group_rule.allow_all_outbound": {
                    "type": "aws_security_group_rule",
                    "depends_on": [
                        "aws_security_group.elb-sg"
                    ],
                    "primary": {
                        "id": "sgrule-1707961466",
                        "attributes": {
                            "cidr_blocks.#": "1",
                            "cidr_blocks.0": "0.0.0.0/0",
                            "from_port": "0",
                            "id": "sgrule-1707961466",
                            "protocol": "-1",
                            "security_group_id": "sg-0958f4630ce36f537",
                            "self": "false",
                            "to_port": "0",
                            "type": "egress"
                        },
                        "meta": {
                            "schema_version": "2"
                        },
                        "tainted": false
                    },
                    "deposed": [],
                    "provider": "provider.aws"
                },
                "aws_security_group_rule.allow_http_inbound": {
                    "type": "aws_security_group_rule",
                    "depends_on": [
                        "aws_security_group.elb-sg"
                    ],
                    "primary": {
                        "id": "sgrule-1994463909",
                        "attributes": {
                            "cidr_blocks.#": "1",
                            "cidr_blocks.0": "0.0.0.0/0",
                            "from_port": "80",
                            "id": "sgrule-1994463909",
                            "protocol": "tcp",
                            "security_group_id": "sg-0958f4630ce36f537",
                            "self": "false",
                            "to_port": "80",
                            "type": "ingress"
                        },
                        "meta": {
                            "schema_version": "2"
                        },
                        "tainted": false
                    },
                    "deposed": [],
                    "provider": "provider.aws"
                },
                "aws_security_group_rule.allow_http_inbound1": {
                    "type": "aws_security_group_rule",
                    "depends_on": [
                        "aws_security_group.instance-sg"
                    ],
                    "primary": {
                        "id": "sgrule-2178568061",
                        "attributes": {
                            "cidr_blocks.#": "1",
                            "cidr_blocks.0": "0.0.0.0/0",
                            "from_port": "8080",
                            "id": "sgrule-2178568061",
                            "protocol": "tcp",
                            "security_group_id": "sg-05993de228e1c6600",
                            "self": "false",
                            "to_port": "8080",
                            "type": "ingress"
                        },
                        "meta": {
                            "schema_version": "2"
                        },
                        "tainted": false
                    },
                    "deposed": [],
                    "provider": "provider.aws"
                },
                "data.aws_availability_zones.all": {
                    "type": "aws_availability_zones",
                    "depends_on": [],
                    "primary": {
                        "id": "2018-07-05 23:38:02.131177 +0000 UTC",
                        "attributes": {
                            "id": "2018-07-05 23:38:02.131177 +0000 UTC",
                            "names.#": "6",
                            "names.0": "us-east-1a",
                            "names.1": "us-east-1b",
                            "names.2": "us-east-1c",
                            "names.3": "us-east-1d",
                            "names.4": "us-east-1e",
                            "names.5": "us-east-1f"
                        },
                        "meta": {},
                        "tainted": false
                    },
                    "deposed": [],
                    "provider": "provider.aws"
                },
                "data.template_file.user_data": {
                    "type": "template_file",
                    "depends_on": [
                        "data.terraform_remote_state.db"
                    ],
                    "primary": {
                        "id": "00c4fb241207c902040089d16de3c29fee7f2b31a9f4e7e71513c8e7613f29dc",
                        "attributes": {
                            "id": "00c4fb241207c902040089d16de3c29fee7f2b31a9f4e7e71513c8e7613f29dc",
                            "rendered": "#!/bin/bash\ncat \u003e index.html \u003c\u003cEOF\n\u003ch1\u003e Hello, World \u003c/h1\u003e\n\u003ch1\u003e IaC is Awesome!! - Girish \u003c/h1\u003e\n\u003cp\u003e DB address: terraform-20180705204858066600000001.cdd2qbssrlfn.us-east-1.rds.amazonaws.com\u003c/p\u003e\n\u003cp\u003e DB port: 3306\u003c/p\u003e\nEOF\nnohup busybox httpd -f -p \"8080\" \u0026\n",
                            "template": "#!/bin/bash\ncat \u003e index.html \u003c\u003cEOF\n\u003ch1\u003e Hello, World \u003c/h1\u003e\n\u003ch1\u003e IaC is Awesome!! - Girish \u003c/h1\u003e\n\u003cp\u003e DB address: ${db_address}\u003c/p\u003e\n\u003cp\u003e DB port: ${db_port}\u003c/p\u003e\nEOF\nnohup busybox httpd -f -p \"${server_port}\" \u0026\n",
                            "vars.%": "3",
                            "vars.db_address": "terraform-20180705204858066600000001.cdd2qbssrlfn.us-east-1.rds.amazonaws.com",
                            "vars.db_port": "3306",
                            "vars.server_port": "8080"
                        },
                        "meta": {},
                        "tainted": false
                    },
                    "deposed": [],
                    "provider": "provider.template"
                },
                "data.terraform_remote_state.db": {
                    "type": "terraform_remote_state",
                    "depends_on": [],
                    "primary": {
                        "id": "2018-07-05 23:38:02.916548067 +0000 UTC",
                        "attributes": {
                            "address": "terraform-20180705204858066600000001.cdd2qbssrlfn.us-east-1.rds.amazonaws.com",
                            "backend": "s3",
                            "config.%": "3",
                            "config.bucket": "gb1-master-tf-state",
                            "config.key": "stage/data-stores/mysql/terraform.tfstate",
                            "config.region": "us-east-1",
                            "environment": "default",
                            "id": "2018-07-05 23:38:02.916548067 +0000 UTC",
                            "port": "3306",
                            "workspace": "default"
                        },
                        "meta": {},
                        "tainted": false
                    },
                    "deposed": [],
                    "provider": "provider.terraform"
                }
            },
            "depends_on": []
        }
    ]
}
